
Microsoft Visual Studio Solution File, Format Version 12.00
# Visual Studio Version 16
VisualStudioVersion = 16.0.33328.57
MinimumVisualStudioVersion = 10.0.40219.1
Project("{FAE04EC0-301F-11D3-BF4B-00C04F79EFBC}") = "BasicClass", "BasicClass\BasicClass.csproj", "{F4C42094-D5AE-4413-BCF4-FBB45640A943}"
EndProject
Project("{FAE04EC0-301F-11D3-BF4B-00C04F79EFBC}") = "Constructor", "Constructor\Constructor.csproj", "{91EDC0A3-3B3C-4AD6-BD01-BF9204121FC4}"
EndProject
Project("{FAE04EC0-301F-11D3-BF4B-00C04F79EFBC}") = "StaticField", "StaticField\StaticField.csproj", "{A2EFB752-0023-469F-ABA8-41FD10453F3B}"
EndProject
Project("{FAE04EC0-301F-11D3-BF4B-00C04F79EFBC}") = "This", "Thie\This.csproj", "{180F386A-496D-49A7-BA4E-1820904C17E3}"
EndProject
Project("{FAE04EC0-301F-11D3-BF4B-00C04F79EFBC}") = "AccessModifier", "AccessModifier\AccessModifier.csproj", "{6AFEF69E-9A98-443C-91C1-1435E87D6583}"
EndProject
Project("{FAE04EC0-301F-11D3-BF4B-00C04F79EFBC}") = "Inheritance", "Inheritance\Inheritance.csproj", "{40335B33-6A6E-4B73-9D73-AE5DD7AA19EB}"
EndProject
Project("{FAE04EC0-301F-11D3-BF4B-00C04F79EFBC}") = "Overriding", "Overriding\Overriding.csproj", "{769DE464-B7A6-4D9E-8B3C-039793DC57BC}"
EndProject
Global
	GlobalSection(SolutionConfigurationPlatforms) = preSolution
		Debug|Any CPU = Debug|Any CPU
		Release|Any CPU = Release|Any CPU
	EndGlobalSection
	GlobalSection(ProjectConfigurationPlatforms) = postSolution
		{F4C42094-D5AE-4413-BCF4-FBB45640A943}.Debug|Any CPU.ActiveCfg = Debug|Any CPU
		{F4C42094-D5AE-4413-BCF4-FBB45640A943}.Debug|Any CPU.Build.0 = Debug|Any CPU
		{F4C42094-D5AE-4413-BCF4-FBB45640A943}.Release|Any CPU.ActiveCfg = Release|Any CPU
		{F4C42094-D5AE-4413-BCF4-FBB45640A943}.Release|Any CPU.Build.0 = Release|Any CPU
		{91EDC0A3-3B3C-4AD6-BD01-BF9204121FC4}.Debug|Any CPU.ActiveCfg = Debug|Any CPU
		{91EDC0A3-3B3C-4AD6-BD01-BF9204121FC4}.Debug|Any CPU.Build.0 = Debug|Any CPU
		{91EDC0A3-3B3C-4AD6-BD01-BF9204121FC4}.Release|Any CPU.ActiveCfg = Release|Any CPU
		{91EDC0A3-3B3C-4AD6-BD01-BF9204121FC4}.Release|Any CPU.Build.0 = Release|Any CPU
		{A2EFB752-0023-469F-ABA8-41FD10453F3B}.Debug|Any CPU.ActiveCfg = Debug|Any CPU
		{A2EFB752-0023-469F-ABA8-41FD10453F3B}.Debug|Any CPU.Build.0 = Debug|Any CPU
		{A2EFB752-0023-469F-ABA8-41FD10453F3B}.Release|Any CPU.ActiveCfg = Release|Any CPU
		{A2EFB752-0023-469F-ABA8-41FD10453F3B}.Release|Any CPU.Build.0 = Release|Any CPU
		{180F386A-496D-49A7-BA4E-1820904C17E3}.Debug|Any CPU.ActiveCfg = Debug|Any CPU
		{180F386A-496D-49A7-BA4E-1820904C17E3}.Debug|Any CPU.Build.0 = Debug|Any CPU
		{180F386A-496D-49A7-BA4E-1820904C17E3}.Release|Any CPU.ActiveCfg = Release|Any CPU
		{180F386A-496D-49A7-BA4E-1820904C17E3}.Release|Any CPU.Build.0 = Release|Any CPU
		{6AFEF69E-9A98-443C-91C1-1435E87D6583}.Debug|Any CPU.ActiveCfg = Debug|Any CPU
		{6AFEF69E-9A98-443C-91C1-1435E87D6583}.Debug|Any CPU.Build.0 = Debug|Any CPU
		{6AFEF69E-9A98-443C-91C1-1435E87D6583}.Release|Any CPU.ActiveCfg = Release|Any CPU
		{6AFEF69E-9A98-443C-91C1-1435E87D6583}.Release|Any CPU.Build.0 = Release|Any CPU
		{40335B33-6A6E-4B73-9D73-AE5DD7AA19EB}.Debug|Any CPU.ActiveCfg = Debug|Any CPU
		{40335B33-6A6E-4B73-9D73-AE5DD7AA19EB}.Debug|Any CPU.Build.0 = Debug|Any CPU
		{40335B33-6A6E-4B73-9D73-AE5DD7AA19EB}.Release|Any CPU.ActiveCfg = Release|Any CPU
		{40335B33-6A6E-4B73-9D73-AE5DD7AA19EB}.Release|Any CPU.Build.0 = Release|Any CPU
		{769DE464-B7A6-4D9E-8B3C-039793DC57BC}.Debug|Any CPU.ActiveCfg = Debug|Any CPU
		{769DE464-B7A6-4D9E-8B3C-039793DC57BC}.Debug|Any CPU.Build.0 = Debug|Any CPU
		{769DE464-B7A6-4D9E-8B3C-039793DC57BC}.Release|Any CPU.ActiveCfg = Release|Any CPU
		{769DE464-B7A6-4D9E-8B3C-039793DC57BC}.Release|Any CPU.Build.0 = Release|Any CPU
	EndGlobalSection
	GlobalSection(SolutionProperties) = preSolution
		HideSolutionNode = FALSE
	EndGlobalSection
	GlobalSection(ExtensibilityGlobals) = postSolution
		SolutionGuid = {A096DD8B-F3AF-4518-9A86-FE4F4441A39E}
	EndGlobalSection
EndGlobal
